
Microsoft Visual Studio Solution File, Format Version 12.00
# Visual Studio 15
VisualStudioVersion = 15.0.26403.7
MinimumVisualStudioVersion = 10.0.40219.1
Project("{FAE04EC0-301F-11D3-BF4B-00C04F79EFBC}") = "ISP", "ISP\ISP.csproj", "{53957472-476C-4940-9A98-6E9B9769A3BE}"
EndProject
Project("{FAE04EC0-301F-11D3-BF4B-00C04F79EFBC}") = "ISP.Tests", "ISP.Tests\ISP.Tests.csproj", "{38218050-E0F1-481E-91FD-401B0BA108E3}"
EndProject
Project("{FAE04EC0-301F-11D3-BF4B-00C04F79EFBC}") = "ISP.BLL", "ISP.BLL\ISP.BLL.csproj", "{FD125849-C07C-4FA8-B464-1406A9C69CF8}"
EndProject
Project("{FAE04EC0-301F-11D3-BF4B-00C04F79EFBC}") = "ISP.DAL", "ISP.DAL\ISP.DAL.csproj", "{BB91D519-0003-4D2C-B54E-2F98C0ADFAEE}"
EndProject
Global
	GlobalSection(SolutionConfigurationPlatforms) = preSolution
		Debug|Any CPU = Debug|Any CPU
		Release|Any CPU = Release|Any CPU
	EndGlobalSection
	GlobalSection(ProjectConfigurationPlatforms) = postSolution
		{53957472-476C-4940-9A98-6E9B9769A3BE}.Debug|Any CPU.ActiveCfg = Debug|Any CPU
		{53957472-476C-4940-9A98-6E9B9769A3BE}.Debug|Any CPU.Build.0 = Debug|Any CPU
		{53957472-476C-4940-9A98-6E9B9769A3BE}.Release|Any CPU.ActiveCfg = Release|Any CPU
		{53957472-476C-4940-9A98-6E9B9769A3BE}.Release|Any CPU.Build.0 = Release|Any CPU
		{38218050-E0F1-481E-91FD-401B0BA108E3}.Debug|Any CPU.ActiveCfg = Debug|Any CPU
		{38218050-E0F1-481E-91FD-401B0BA108E3}.Debug|Any CPU.Build.0 = Debug|Any CPU
		{38218050-E0F1-481E-91FD-401B0BA108E3}.Release|Any CPU.ActiveCfg = Release|Any CPU
		{38218050-E0F1-481E-91FD-401B0BA108E3}.Release|Any CPU.Build.0 = Release|Any CPU
		{FD125849-C07C-4FA8-B464-1406A9C69CF8}.Debug|Any CPU.ActiveCfg = Debug|Any CPU
		{FD125849-C07C-4FA8-B464-1406A9C69CF8}.Debug|Any CPU.Build.0 = Debug|Any CPU
		{FD125849-C07C-4FA8-B464-1406A9C69CF8}.Release|Any CPU.ActiveCfg = Release|Any CPU
		{FD125849-C07C-4FA8-B464-1406A9C69CF8}.Release|Any CPU.Build.0 = Release|Any CPU
		{BB91D519-0003-4D2C-B54E-2F98C0ADFAEE}.Debug|Any CPU.ActiveCfg = Debug|Any CPU
		{BB91D519-0003-4D2C-B54E-2F98C0ADFAEE}.Debug|Any CPU.Build.0 = Debug|Any CPU
		{BB91D519-0003-4D2C-B54E-2F98C0ADFAEE}.Release|Any CPU.ActiveCfg = Release|Any CPU
		{BB91D519-0003-4D2C-B54E-2F98C0ADFAEE}.Release|Any CPU.Build.0 = Release|Any CPU
	EndGlobalSection
	GlobalSection(SolutionProperties) = preSolution
		HideSolutionNode = FALSE
	EndGlobalSection
EndGlobal
